
Microsoft Visual Studio Solution File, Format Version 12.00
# Visual Studio 15
VisualStudioVersion = 15.0.27428.2037
MinimumVisualStudioVersion = 10.0.40219.1
Project("{FAE04EC0-301F-11D3-BF4B-00C04F79EFBC}") = "TwentyOne", "TwentyOne\TwentyOne.csproj", "{1DE6C080-3D5E-4F40-810C-0598922B35D4}"
EndProject
Project("{FAE04EC0-301F-11D3-BF4B-00C04F79EFBC}") = "Casino", "Casino\Casino.csproj", "{1CB50478-7DBB-46E9-86F7-0D5779D5B7F7}"
EndProject
Global
	GlobalSection(SolutionConfigurationPlatforms) = preSolution
		Debug|Any CPU = Debug|Any CPU
		Release|Any CPU = Release|Any CPU
	EndGlobalSection
	GlobalSection(ProjectConfigurationPlatforms) = postSolution
		{1DE6C080-3D5E-4F40-810C-0598922B35D4}.Debug|Any CPU.ActiveCfg = Debug|Any CPU
		{1DE6C080-3D5E-4F40-810C-0598922B35D4}.Debug|Any CPU.Build.0 = Debug|Any CPU
		{1DE6C080-3D5E-4F40-810C-0598922B35D4}.Release|Any CPU.ActiveCfg = Release|Any CPU
		{1DE6C080-3D5E-4F40-810C-0598922B35D4}.Release|Any CPU.Build.0 = Release|Any CPU
		{1CB50478-7DBB-46E9-86F7-0D5779D5B7F7}.Debug|Any CPU.ActiveCfg = Debug|Any CPU
		{1CB50478-7DBB-46E9-86F7-0D5779D5B7F7}.Debug|Any CPU.Build.0 = Debug|Any CPU
		{1CB50478-7DBB-46E9-86F7-0D5779D5B7F7}.Release|Any CPU.ActiveCfg = Release|Any CPU
		{1CB50478-7DBB-46E9-86F7-0D5779D5B7F7}.Release|Any CPU.Build.0 = Release|Any CPU
	EndGlobalSection
	GlobalSection(SolutionProperties) = preSolution
		HideSolutionNode = FALSE
	EndGlobalSection
	GlobalSection(ExtensibilityGlobals) = postSolution
		SolutionGuid = {6D7BD9E0-ABDD-407B-8E60-08A573A1CDE4}
	EndGlobalSection
EndGlobal
